
Microsoft Visual Studio Solution File, Format Version 12.00
Project("{FAE04EC0-301F-11D3-BF4B-00C04F79EFBC}") = "Demo.NEO.Estimator", "Demo.NEO.Estimator.csproj", "{C1F8361F-511B-4207-BC1A-FEE1AEFD8CCE}"
EndProject
Project("{FAE04EC0-301F-11D3-BF4B-00C04F79EFBC}") = "Demo.NEO.Estimator.UnitTests", "..\Demo.NEO.Estimator.UnitTests\Demo.NEO.Estimator.UnitTests.csproj", "{9FF6E77E-9A84-4F71-A960-649542E014D4}"
EndProject
Global
	GlobalSection(SolutionConfigurationPlatforms) = preSolution
		Debug|Any CPU = Debug|Any CPU
		Release|Any CPU = Release|Any CPU
	EndGlobalSection
	GlobalSection(ProjectConfigurationPlatforms) = postSolution
		{C1F8361F-511B-4207-BC1A-FEE1AEFD8CCE}.Debug|Any CPU.ActiveCfg = Debug|Any CPU
		{C1F8361F-511B-4207-BC1A-FEE1AEFD8CCE}.Debug|Any CPU.Build.0 = Debug|Any CPU
		{C1F8361F-511B-4207-BC1A-FEE1AEFD8CCE}.Release|Any CPU.ActiveCfg = Release|Any CPU
		{C1F8361F-511B-4207-BC1A-FEE1AEFD8CCE}.Release|Any CPU.Build.0 = Release|Any CPU
		{A1CB399A-545F-4279-9A03-971B41D08970}.Debug|Any CPU.ActiveCfg = Debug|Any CPU
		{A1CB399A-545F-4279-9A03-971B41D08970}.Debug|Any CPU.Build.0 = Debug|Any CPU
		{A1CB399A-545F-4279-9A03-971B41D08970}.Release|Any CPU.ActiveCfg = Release|Any CPU
		{A1CB399A-545F-4279-9A03-971B41D08970}.Release|Any CPU.Build.0 = Release|Any CPU
		{9FF6E77E-9A84-4F71-A960-649542E014D4}.Debug|Any CPU.ActiveCfg = Debug|Any CPU
		{9FF6E77E-9A84-4F71-A960-649542E014D4}.Debug|Any CPU.Build.0 = Debug|Any CPU
		{9FF6E77E-9A84-4F71-A960-649542E014D4}.Release|Any CPU.ActiveCfg = Release|Any CPU
		{9FF6E77E-9A84-4F71-A960-649542E014D4}.Release|Any CPU.Build.0 = Release|Any CPU
	EndGlobalSection
EndGlobal
