
Microsoft Visual Studio Solution File, Format Version 12.00
# Visual Studio Version 16
VisualStudioVersion = 16.0.29230.47
MinimumVisualStudioVersion = 10.0.40219.1
Project("{9A19103F-16F7-4668-BE54-9A1E7A4F7556}") = "Demo.NEO.EventProcessing", "Demo.NEO.EventProcessing.csproj", "{739703FC-9803-40F1-9C62-064017020263}"
EndProject
Project("{FAE04EC0-301F-11D3-BF4B-00C04F79EFBC}") = "Demo.NEO.EventProcessing.UnitTests", "..\Demo.NEO.EventProcessing.UnitTests\Demo.NEO.EventProcessing.UnitTests.csproj", "{B2D41F75-9DBF-48BD-979F-C7CEBAB4DBC2}"
EndProject
Global
	GlobalSection(SolutionConfigurationPlatforms) = preSolution
		Debug|Any CPU = Debug|Any CPU
		Release|Any CPU = Release|Any CPU
	EndGlobalSection
	GlobalSection(ProjectConfigurationPlatforms) = postSolution
		{739703FC-9803-40F1-9C62-064017020263}.Debug|Any CPU.ActiveCfg = Debug|Any CPU
		{739703FC-9803-40F1-9C62-064017020263}.Debug|Any CPU.Build.0 = Debug|Any CPU
		{739703FC-9803-40F1-9C62-064017020263}.Release|Any CPU.ActiveCfg = Release|Any CPU
		{739703FC-9803-40F1-9C62-064017020263}.Release|Any CPU.Build.0 = Release|Any CPU
		{B2D41F75-9DBF-48BD-979F-C7CEBAB4DBC2}.Debug|Any CPU.ActiveCfg = Debug|Any CPU
		{B2D41F75-9DBF-48BD-979F-C7CEBAB4DBC2}.Debug|Any CPU.Build.0 = Debug|Any CPU
		{B2D41F75-9DBF-48BD-979F-C7CEBAB4DBC2}.Release|Any CPU.ActiveCfg = Release|Any CPU
		{B2D41F75-9DBF-48BD-979F-C7CEBAB4DBC2}.Release|Any CPU.Build.0 = Release|Any CPU
	EndGlobalSection
	GlobalSection(SolutionProperties) = preSolution
		HideSolutionNode = FALSE
	EndGlobalSection
	GlobalSection(ExtensibilityGlobals) = postSolution
		SolutionGuid = {A4056158-41DE-4AE5-B0E2-AF52802B3291}
	EndGlobalSection
EndGlobal
